// !$*UTF8*$!
{
	archiveVersion = 1;
	classes = {
	};
	objectVersion = 46;
	objects = {

/* Begin PBXBuildFile section */
		6515471A1C7A9BB1000607D1 /* AppDelegate.swift in Sources */ = {isa = PBXBuildFile; fileRef = 651547191C7A9BB1000607D1 /* AppDelegate.swift */; };
		6515471C1C7A9BB1000607D1 /* ViewController.swift in Sources */ = {isa = PBXBuildFile; fileRef = 6515471B1C7A9BB1000607D1 /* ViewController.swift */; };
		6515471F1C7A9BB1000607D1 /* Main.storyboard in Resources */ = {isa = PBXBuildFile; fileRef = 6515471D1C7A9BB1000607D1 /* Main.storyboard */; };
		651547211C7A9BB1000607D1 /* Assets.xcassets in Resources */ = {isa = PBXBuildFile; fileRef = 651547201C7A9BB1000607D1 /* Assets.xcassets */; };
		651547241C7A9BB1000607D1 /* LaunchScreen.storyboard in Resources */ = {isa = PBXBuildFile; fileRef = 651547221C7A9BB1000607D1 /* LaunchScreen.storyboard */; };
/* End PBXBuildFile section */

/* Begin PBXFileReference section */
		651547161C7A9BB1000607D1 /* velocimetro.app */ = {isa = PBXFileReference; explicitFileType = wrapper.application; includeInIndex = 0; path = velocimetro.app; sourceTree = BUILT_PRODUCTS_DIR; };
		651547191C7A9BB1000607D1 /* AppDelegate.swift */ = {isa = PBXFileReference; lastKnownFileType = sourcecode.swift; path = AppDelegate.swift; sourceTree = "<group>"; };
		6515471B1C7A9BB1000607D1 /* ViewController.swift */ = {isa = PBXFileReference; lastKnownFileType = sourcecode.swift; path = ViewController.swift; sourceTree = "<group>"; };
		6515471E1C7A9BB1000607D1 /* Base */ = {isa = PBXFileReference; lastKnownFileType = file.storyboard; name = Base; path = Base.lproj/Main.storyboard; sourceTree = "<group>"; };
		651547201C7A9BB1000607D1 /* Assets.xcassets */ = {isa = PBXFileReference; lastKnownFileType = folder.assetcatalog; path = Assets.xcassets; sourceTree = "<group>"; };
		651547231C7A9BB1000607D1 /* Base */ = {isa = PBXFileReference; lastKnownFileType = file.storyboard; name = Base; path = Base.lproj/LaunchScreen.storyboard; sourceTree = "<group>"; };
		651547251C7A9BB1000607D1 /* Info.plist */ = {isa = PBXFileReference; lastKnownFileType = text.plist.xml; path = Info.plist; sourceTree = "<group>"; };
		6515472B1C7A9BF7000607D1 /* velocimetro.playground */ = {isa = PBXFileReference; lastKnownFileType = file.playground; path = velocimetro.playground; sourceTree = "<group>"; };
/* End PBXFileReference section */

/* Begin PBXFrameworksBuildPhase section */
		651547131C7A9BB0000607D1 /* Frameworks */ = {
			isa = PBXFrameworksBuildPhase;
			buildActionMask = 2147483647;
			files = (
			);
			runOnlyForDeploymentPostprocessing = 0;
		};
/* End PBXFrameworksBuildPhase section */

/* Begin PBXGroup section */
		6515470D1C7A9BB0000607D1 = {
			isa = PBXGroup;
			children = (
				651547181C7A9BB1000607D1 /* velocimetro */,
				651547171C7A9BB1000607D1 /* Products */,
			);
			sourceTree = "<group>";
		};
		651547171C7A9BB1000607D1 /* Products */ = {
			isa = PBXGroup;
			children = (
				651547161C7A9BB1000607D1 /* velocimetro.app */,
			);
			name = Products;
			sourceTree = "<group>";
		};
		651547181C7A9BB1000607D1 /* velocimetro */ = {
			isa = PBXGroup;
			children = (
				651547191C7A9BB1000607D1 /* AppDelegate.swift */,
				6515471B1C7A9BB1000607D1 /* ViewController.swift */,
				6515471D1C7A9BB1000607D1 /* Main.storyboard */,
				651547201C7A9BB1000607D1 /* Assets.xcassets */,
				651547221C7A9BB1000607D1 /* LaunchScreen.storyboard */,
				651547251C7A9BB1000607D1 /* Info.plist */,
				6515472B1C7A9BF7000607D1 /* velocimetro.playground */,
			);
			path = velocimetro;
			sourceTree = "<group>";
		};
/* End PBXGroup section */

/* Begin PBXNativeTarget section */
		651547151C7A9BB0000607D1 /* velocimetro */ = {
			isa = PBXNativeTarget;
			buildConfigurationList = 651547281C7A9BB1000607D1 /* Build configuration list for PBXNativeTarget "velocimetro" */;
			buildPhases = (
				651547121C7A9BB0000607D1 /* Sources */,
				651547131C7A9BB0000607D1 /* Frameworks */,
				651547141C7A9BB0000607D1 /* Resources */,
			);
			buildRules = (
			);
			dependencies = (
			);
			name = velocimetro;
			productName = velocimetro;
			productReference = 651547161C7A9BB1000607D1 /* velocimetro.app */;
			productType = "com.apple.product-type.application";
		};
/* End PBXNativeTarget section */

/* Begin PBXProject section */
		6515470E1C7A9BB0000607D1 /* Project object */ = {
			isa = PBXProject;
			attributes = {
				LastSwiftUpdateCheck = 0720;
				LastUpgradeCheck = 0720;
				ORGANIZATIONNAME = "Daniel Henares";
				TargetAttributes = {
					651547151C7A9BB0000607D1 = {
						CreatedOnToolsVersion = 7.2.1;
					};
				};
			};
			buildConfigurationList = 651547111C7A9BB0000607D1 /* Build configuration list for PBXProject "velocimetro" */;
			compatibilityVersion = "Xcode 3.2";
			developmentRegion = English;
			hasScannedForEncodings = 0;
			knownRegions = (
				en,
				Base,
			);
			mainGroup = 6515470D1C7A9BB0000607D1;
			productRefGroup = 651547171C7A9BB1000607D1 /* Products */;
			projectDirPath = "";
			projectRoot = "";
			targets = (
				651547151C7A9BB0000607D1 /* velocimetro */,
			);
		};
/* End PBXProject section */

/* Begin PBXResourcesBuildPhase section */
		651547141C7A9BB0000607D1 /* Resources */ = {
			isa = PBXResourcesBuildPhase;
			buildActionMask = 2147483647;
			files = (
				651547241C7A9BB1000607D1 /* LaunchScreen.storyboard in Resources */,
				651547211C7A9BB1000607D1 /* Assets.xcassets in Resources */,
				6515471F1C7A9BB1000607D1 /* Main.storyboard in Resources */,
			);
			runOnlyForDeploymentPostprocessing = 0;
		};
/* End PBXResourcesBuildPhase section */

/* Begin PBXSourcesBuildPhase section */
		651547121C7A9BB0000607D1 /* Sources */ = {
			isa = PBXSourcesBuildPhase;
			buildActionMask = 2147483647;
			files = (
				6515471C1C7A9BB1000607D1 /* ViewController.swift in Sources */,
				6515471A1C7A9BB1000607D1 /* AppDelegate.swift in Sources */,
			);
			runOnlyForDeploymentPostprocessing = 0;
		};
/* End PBXSourcesBuildPhase section */

/* Begin PBXVariantGroup section */
		6515471D1C7A9BB1000607D1 /* Main.storyboard */ = {
			isa = PBXVariantGroup;
			children = (
				6515471E1C7A9BB1000607D1 /* Base */,
			);
			name = Main.storyboard;
			sourceTree = "<group>";
		};
		651547221C7A9BB1000607D1 /* LaunchScreen.storyboard */ = {
			isa = PBXVariantGroup;
			children = (
				651547231C7A9BB1000607D1 /* Base */,
			);
			name = LaunchScreen.storyboard;
			sourceTree = "<group>";
		};
/* End PBXVariantGroup section */

/* Begin XCBuildConfiguration section */
		651547261C7A9BB1000607D1 /* Debug */ = {
			isa = XCBuildConfiguration;
			buildSettings = {
				ALWAYS_SEARCH_USER_PATHS = NO;
				CLANG_CXX_LANGUAGE_STANDARD = "gnu++0x";
				CLANG_CXX_LIBRARY = "libc++";
				CLANG_ENABLE_MODULES = YES;
				CLANG_ENABLE_OBJC_ARC = YES;
				CLANG_WARN_BOOL_CONVERSION = YES;
				CLANG_WARN_CONSTANT_CONVERSION = YES;
				CLANG_WARN_DIRECT_OBJC_ISA_USAGE = YES_ERROR;
				CLANG_WARN_EMPTY_BODY = YES;
				CLANG_WARN_ENUM_CONVERSION = YES;
				CLANG_WARN_INT_CONVERSION = YES;
				CLANG_WARN_OBJC_ROOT_CLASS = YES_ERROR;
				CLANG_WARN_UNREACHABLE_CODE = YES;
				CLANG_WARN__DUPLICATE_METHOD_MATCH = YES;
				"CODE_SIGN_IDENTITY[sdk=iphoneos*]" = "iPhone Developer";
				COPY_PHASE_STRIP = NO;
				DEBUG_INFORMATION_FORMAT = dwarf;
				ENABLE_STRICT_OBJC_MSGSEND = YES;
				ENABLE_TESTABILITY = YES;
				GCC_C_LANGUAGE_STANDARD = gnu99;
				GCC_DYNAMIC_NO_PIC = NO;
				GCC_NO_COMMON_BLOCKS = YES;
				GCC_OPTIMIZATION_LEVEL = 0;
				GCC_PREPROCESSOR_DEFINITIONS = (
					"DEBUG=1",
					"$(inherited)",
				);
				GCC_WARN_64_TO_32_BIT_CONVERSION = YES;
				GCC_WARN_ABOUT_RETURN_TYPE = YES_ERROR;
				GCC_WARN_UNDECLARED_SELECTOR = YES;
				GCC_WARN_UNINITIALIZED_AUTOS = YES_AGGRESSIVE;
				GCC_WARN_UNUSED_FUNCTION = YES;
				GCC_WARN_UNUSED_VARIABLE = YES;
				IPHONEOS_DEPLOYMENT_TARGET = 9.2;
				MTL_ENABLE_DEBUG_INFO = YES;
				ONLY_ACTIVE_ARCH = YES;
				SDKROOT = iphoneos;
				SWIFT_OPTIMIZATION_LEVEL = "-Onone";
				TARGETED_DEVICE_FAMILY = "1,2";
			};
			name = Debug;
		};
		651547271C7A9BB1000607D1 /* Release */ = {
			isa = XCBuildConfiguration;
			buildSettings = {
				ALWAYS_SEARCH_USER_PATHS = NO;
				CLANG_CXX_LANGUAGE_STANDARD = "gnu++0x";
				CLANG_CXX_LIBRARY = "libc++";
				CLANG_ENABLE_MODULES = YES;
				CLANG_ENABLE_OBJC_ARC = YES;
				CLANG_WARN_BOOL_CONVERSION = YES;
				CLANG_WARN_CONSTANT_CONVERSION = YES;
				CLANG_WARN_DIRECT_OBJC_ISA_USAGE = YES_ERROR;
				CLANG_WARN_EMPTY_BODY = YES;
				CLANG_WARN_ENUM_CONVERSION = YES;
				CLANG_WARN_INT_CONVERSION = YES;
				CLANG_WARN_OBJC_ROOT_CLASS = YES_ERROR;
				CLANG_WARN_UNREACHABLE_CODE = YES;
				CLANG_WARN__DUPLICATE_METHOD_MATCH = YES;
				"CODE_SIGN_IDENTITY[sdk=iphoneos*]" = "iPhone Developer";
				COPY_PHASE_STRIP = NO;
				DEBUG_INFORMATION_FORMAT = "dwarf-with-dsym";
				ENABLE_NS_ASSERTIONS = NO;
				ENABLE_STRICT_OBJC_MSGSEND = YES;
				GCC_C_LANGUAGE_STANDARD = gnu99;
				GCC_NO_COMMON_BLOCKS = YES;
				GCC_WARN_64_TO_32_BIT_CONVERSION = YES;
				GCC_WARN_ABOUT_RETURN_TYPE = YES_ERROR;
				GCC_WARN_UNDECLARED_SELECTOR = YES;
				GCC_WARN_UNINITIALIZED_AUTOS = YES_AGGRESSIVE;
				GCC_WARN_UNUSED_FUNCTION = YES;
				GCC_WARN_UNUSED_VARIABLE = YES;
				IPHONEOS_DEPLOYMENT_TARGET = 9.2;
				MTL_ENABLE_DEBUG_INFO = NO;
				SDKROOT = iphoneos;
				TARGETED_DEVICE_FAMILY = "1,2";
				VALIDATE_PRODUCT = YES;
			};
			name = Release;
		};
		651547291C7A9BB1000607D1 /* Debug */ = {
			isa = XCBuildConfiguration;
			buildSettings = {
				ASSETCATALOG_COMPILER_APPICON_NAME = AppIcon;
				INFOPLIST_FILE = velocimetro/Info.plist;
				LD_RUNPATH_SEARCH_PATHS = "$(inherited) @executable_path/Frameworks";
				PRODUCT_BUNDLE_IDENTIFIER = es.dahenrom.velocimetro;
				PRODUCT_NAME = "$(TARGET_NAME)";
			};
			name = Debug;
		};
		6515472A1C7A9BB1000607D1 /* Release */ = {
			isa = XCBuildConfiguration;
			buildSettings = {
				ASSETCATALOG_COMPILER_APPICON_NAME = AppIcon;
				INFOPLIST_FILE = velocimetro/Info.plist;
				LD_RUNPATH_SEARCH_PATHS = "$(inherited) @executable_path/Frameworks";
				PRODUCT_BUNDLE_IDENTIFIER = es.dahenrom.velocimetro;
				PRODUCT_NAME = "$(TARGET_NAME)";
			};
			name = Release;
		};
/* End XCBuildConfiguration section */

/* Begin XCConfigurationList section */
		651547111C7A9BB0000607D1 /* Build configuration list for PBXProject "velocimetro" */ = {
			isa = XCConfigurationList;
			buildConfigurations = (
				651547261C7A9BB1000607D1 /* Debug */,
				651547271C7A9BB1000607D1 /* Release */,
			);
			defaultConfigurationIsVisible = 0;
			defaultConfigurationName = Release;
		};
		651547281C7A9BB1000607D1 /* Build configuration list for PBXNativeTarget "velocimetro" */ = {
			isa = XCConfigurationList;
			buildConfigurations = (
				651547291C7A9BB1000607D1 /* Debug */,
				6515472A1C7A9BB1000607D1 /* Release */,
			);
			defaultConfigurationIsVisible = 0;
		};
/* End XCConfigurationList section */
	};
	rootObject = 6515470E1C7A9BB0000607D1 /* Project object */;
}
